
Microsoft Visual Studio Solution File, Format Version 12.00
# Visual Studio Version 17
VisualStudioVersion = 17.13.35931.197 d17.13
MinimumVisualStudioVersion = 10.0.40219.1
Project("{FAE04EC0-301F-11D3-BF4B-00C04F79EFBC}") = "Encapsulation", "Encapsulation\Encapsulation.csproj", "{F46BA9AA-2B47-4CE2-AFCC-03ADFB281562}"
EndProject
Global
	GlobalSection(SolutionConfigurationPlatforms) = preSolution
		Debug|Any CPU = Debug|Any CPU
		Release|Any CPU = Release|Any CPU
	EndGlobalSection
	GlobalSection(ProjectConfigurationPlatforms) = postSolution
		{F46BA9AA-2B47-4CE2-AFCC-03ADFB281562}.Debug|Any CPU.ActiveCfg = Debug|Any CPU
		{F46BA9AA-2B47-4CE2-AFCC-03ADFB281562}.Debug|Any CPU.Build.0 = Debug|Any CPU
		{F46BA9AA-2B47-4CE2-AFCC-03ADFB281562}.Release|Any CPU.ActiveCfg = Release|Any CPU
		{F46BA9AA-2B47-4CE2-AFCC-03ADFB281562}.Release|Any CPU.Build.0 = Release|Any CPU
	EndGlobalSection
	GlobalSection(SolutionProperties) = preSolution
		HideSolutionNode = FALSE
	EndGlobalSection
	GlobalSection(ExtensibilityGlobals) = postSolution
		SolutionGuid = {BF9BDB79-312A-409A-9587-4AB4338B14FA}
	EndGlobalSection
EndGlobal
