
Microsoft Visual Studio Solution File, Format Version 12.00
# Visual Studio Version 17
VisualStudioVersion = 17.8.34525.116
MinimumVisualStudioVersion = 10.0.40219.1
Project("{9A19103F-16F7-4668-BE54-9A1E7A4F7556}") = "Students", "Students\Students.csproj", "{06A5DA63-ABE9-45CC-BEC0-A4497B33195A}"
EndProject
Project("{FAE04EC0-301F-11D3-BF4B-00C04F79EFBC}") = "ChatRoom", "ChatRoom\ChatRoom.csproj", "{3D92AD58-8141-4CF6-8819-4A2D94DD62A8}"
EndProject
Global
	GlobalSection(SolutionConfigurationPlatforms) = preSolution
		Debug|Any CPU = Debug|Any CPU
		Release|Any CPU = Release|Any CPU
	EndGlobalSection
	GlobalSection(ProjectConfigurationPlatforms) = postSolution
		{06A5DA63-ABE9-45CC-BEC0-A4497B33195A}.Debug|Any CPU.ActiveCfg = Debug|Any CPU
		{06A5DA63-ABE9-45CC-BEC0-A4497B33195A}.Debug|Any CPU.Build.0 = Debug|Any CPU
		{06A5DA63-ABE9-45CC-BEC0-A4497B33195A}.Release|Any CPU.ActiveCfg = Release|Any CPU
		{06A5DA63-ABE9-45CC-BEC0-A4497B33195A}.Release|Any CPU.Build.0 = Release|Any CPU
		{3D92AD58-8141-4CF6-8819-4A2D94DD62A8}.Debug|Any CPU.ActiveCfg = Debug|Any CPU
		{3D92AD58-8141-4CF6-8819-4A2D94DD62A8}.Debug|Any CPU.Build.0 = Debug|Any CPU
		{3D92AD58-8141-4CF6-8819-4A2D94DD62A8}.Release|Any CPU.ActiveCfg = Release|Any CPU
		{3D92AD58-8141-4CF6-8819-4A2D94DD62A8}.Release|Any CPU.Build.0 = Release|Any CPU
	EndGlobalSection
	GlobalSection(SolutionProperties) = preSolution
		HideSolutionNode = FALSE
	EndGlobalSection
	GlobalSection(ExtensibilityGlobals) = postSolution
		SolutionGuid = {4D2B21EE-F851-4298-92C5-53488A631956}
	EndGlobalSection
EndGlobal
